
Microsoft Visual Studio Solution File, Format Version 12.00
# Visual Studio 15
VisualStudioVersion = 15.0.28307.271
MinimumVisualStudioVersion = 10.0.40219.1
Project("{FAE04EC0-301F-11D3-BF4B-00C04F79EFBC}") = "assgn 1_final", "assgn 1_final\assgn 1_final.csproj", "{9934435A-0790-4DCF-9B3C-ED5B66505C02}"
EndProject
Global
	GlobalSection(SolutionConfigurationPlatforms) = preSolution
		Debug|Any CPU = Debug|Any CPU
		Release|Any CPU = Release|Any CPU
	EndGlobalSection
	GlobalSection(ProjectConfigurationPlatforms) = postSolution
		{9934435A-0790-4DCF-9B3C-ED5B66505C02}.Debug|Any CPU.ActiveCfg = Debug|Any CPU
		{9934435A-0790-4DCF-9B3C-ED5B66505C02}.Debug|Any CPU.Build.0 = Debug|Any CPU
		{9934435A-0790-4DCF-9B3C-ED5B66505C02}.Release|Any CPU.ActiveCfg = Release|Any CPU
		{9934435A-0790-4DCF-9B3C-ED5B66505C02}.Release|Any CPU.Build.0 = Release|Any CPU
	EndGlobalSection
	GlobalSection(SolutionProperties) = preSolution
		HideSolutionNode = FALSE
	EndGlobalSection
	GlobalSection(ExtensibilityGlobals) = postSolution
		SolutionGuid = {B23F551C-CBBF-4CF7-8507-49754E55A35B}
	EndGlobalSection
EndGlobal
